
Microsoft Visual Studio Solution File, Format Version 12.00
# Visual Studio 15
VisualStudioVersion = 15.0.27428.2011
MinimumVisualStudioVersion = 10.0.40219.1
Project("{FAE04EC0-301F-11D3-BF4B-00C04F79EFBC}") = "GoSentinelRaids", "GoSentinelRaids\GoSentinelRaids.csproj", "{BC0DC6D4-2D83-422E-B092-DFEEE1B8E42B}"
EndProject
Global
	GlobalSection(SolutionConfigurationPlatforms) = preSolution
		Debug|Any CPU = Debug|Any CPU
		Release|Any CPU = Release|Any CPU
	EndGlobalSection
	GlobalSection(ProjectConfigurationPlatforms) = postSolution
		{BC0DC6D4-2D83-422E-B092-DFEEE1B8E42B}.Debug|Any CPU.ActiveCfg = Debug|Any CPU
		{BC0DC6D4-2D83-422E-B092-DFEEE1B8E42B}.Debug|Any CPU.Build.0 = Debug|Any CPU
		{BC0DC6D4-2D83-422E-B092-DFEEE1B8E42B}.Release|Any CPU.ActiveCfg = Release|Any CPU
		{BC0DC6D4-2D83-422E-B092-DFEEE1B8E42B}.Release|Any CPU.Build.0 = Release|Any CPU
	EndGlobalSection
	GlobalSection(SolutionProperties) = preSolution
		HideSolutionNode = FALSE
	EndGlobalSection
	GlobalSection(ExtensibilityGlobals) = postSolution
		SolutionGuid = {1369768F-D345-443E-9E2D-78A15C86E37B}
	EndGlobalSection
EndGlobal
